// !$*UTF8*$!
{
	archiveVersion = 1;
	classes = {
	};
	objectVersion = 50;
	objects = {

/* Begin PBXBuildFile section */
		F732ECAA269D50F200ED7E4C /* gem.wav in Resources */ = {isa = PBXBuildFile; fileRef = F732ECA6269D50F100ED7E4C /* gem.wav */; };
		F732ECAB269D50F200ED7E4C /* died.wav in Resources */ = {isa = PBXBuildFile; fileRef = F732ECA7269D50F100ED7E4C /* died.wav */; };
		F732ECAC269D50F200ED7E4C /* jump.wav in Resources */ = {isa = PBXBuildFile; fileRef = F732ECA8269D50F100ED7E4C /* jump.wav */; };
		F732ECAD269D50F200ED7E4C /* lol u died.wav in Resources */ = {isa = PBXBuildFile; fileRef = F732ECA9269D50F200ED7E4C /* lol u died.wav */; };
		F732ECAF269D6E0C00ED7E4C /* sparks.sks in Resources */ = {isa = PBXBuildFile; fileRef = F732ECAE269D6E0C00ED7E4C /* sparks.sks */; };
		F74C184C2785B5E300B99E9A /* GameScene.swift in Sources */ = {isa = PBXBuildFile; fileRef = F74C18472785B5E200B99E9A /* GameScene.swift */; };
		F74C184D2785B5E300B99E9A /* GameViewController.swift in Sources */ = {isa = PBXBuildFile; fileRef = F74C18482785B5E200B99E9A /* GameViewController.swift */; };
		F74C184E2785B5E300B99E9A /* Skater.swift in Sources */ = {isa = PBXBuildFile; fileRef = F74C18492785B5E300B99E9A /* Skater.swift */; };
		F74C184F2785B5E300B99E9A /* AppDelegate.swift in Sources */ = {isa = PBXBuildFile; fileRef = F74C184A2785B5E300B99E9A /* AppDelegate.swift */; };
		F74C18502785B5E300B99E9A /* MenuLayer.swift in Sources */ = {isa = PBXBuildFile; fileRef = F74C184B2785B5E300B99E9A /* MenuLayer.swift */; };
		F791B26A27C77D1300F00275 /* music.mp3 in Resources */ = {isa = PBXBuildFile; fileRef = F791B26927C77D1300F00275 /* music.mp3 */; };
		F7BC21D726940C2500982E0A /* GameScene.sks in Resources */ = {isa = PBXBuildFile; fileRef = F7BC21D626940C2500982E0A /* GameScene.sks */; };
		F7BC21D926940C2500982E0A /* Actions.sks in Resources */ = {isa = PBXBuildFile; fileRef = F7BC21D826940C2500982E0A /* Actions.sks */; };
		F7BC21E026940C2500982E0A /* Main.storyboard in Resources */ = {isa = PBXBuildFile; fileRef = F7BC21DE26940C2500982E0A /* Main.storyboard */; };
		F7BC21E226940C2B00982E0A /* Assets.xcassets in Resources */ = {isa = PBXBuildFile; fileRef = F7BC21E126940C2B00982E0A /* Assets.xcassets */; };
		F7BC21E526940C2B00982E0A /* LaunchScreen.storyboard in Resources */ = {isa = PBXBuildFile; fileRef = F7BC21E326940C2B00982E0A /* LaunchScreen.storyboard */; };
/* End PBXBuildFile section */

/* Begin PBXFileReference section */
		F732ECA6269D50F100ED7E4C /* gem.wav */ = {isa = PBXFileReference; lastKnownFileType = audio.wav; path = gem.wav; sourceTree = "<group>"; };
		F732ECA7269D50F100ED7E4C /* died.wav */ = {isa = PBXFileReference; lastKnownFileType = audio.wav; path = died.wav; sourceTree = "<group>"; };
		F732ECA8269D50F100ED7E4C /* jump.wav */ = {isa = PBXFileReference; lastKnownFileType = audio.wav; path = jump.wav; sourceTree = "<group>"; };
		F732ECA9269D50F200ED7E4C /* lol u died.wav */ = {isa = PBXFileReference; lastKnownFileType = audio.wav; path = "lol u died.wav"; sourceTree = "<group>"; };
		F732ECAE269D6E0C00ED7E4C /* sparks.sks */ = {isa = PBXFileReference; lastKnownFileType = file.sks; path = sparks.sks; sourceTree = "<group>"; };
		F74C18472785B5E200B99E9A /* GameScene.swift */ = {isa = PBXFileReference; fileEncoding = 4; lastKnownFileType = sourcecode.swift; path = GameScene.swift; sourceTree = "<group>"; };
		F74C18482785B5E200B99E9A /* GameViewController.swift */ = {isa = PBXFileReference; fileEncoding = 4; lastKnownFileType = sourcecode.swift; path = GameViewController.swift; sourceTree = "<group>"; };
		F74C18492785B5E300B99E9A /* Skater.swift */ = {isa = PBXFileReference; fileEncoding = 4; lastKnownFileType = sourcecode.swift; path = Skater.swift; sourceTree = "<group>"; };
		F74C184A2785B5E300B99E9A /* AppDelegate.swift */ = {isa = PBXFileReference; fileEncoding = 4; lastKnownFileType = sourcecode.swift; path = AppDelegate.swift; sourceTree = "<group>"; };
		F74C184B2785B5E300B99E9A /* MenuLayer.swift */ = {isa = PBXFileReference; fileEncoding = 4; lastKnownFileType = sourcecode.swift; path = MenuLayer.swift; sourceTree = "<group>"; };
		F791B26927C77D1300F00275 /* music.mp3 */ = {isa = PBXFileReference; lastKnownFileType = audio.mp3; path = music.mp3; sourceTree = "<group>"; };
		F7BC21D126940C2500982E0A /* Skateus.app */ = {isa = PBXFileReference; explicitFileType = wrapper.application; includeInIndex = 0; path = Skateus.app; sourceTree = BUILT_PRODUCTS_DIR; };
		F7BC21D626940C2500982E0A /* GameScene.sks */ = {isa = PBXFileReference; lastKnownFileType = file.sks; path = GameScene.sks; sourceTree = "<group>"; };
		F7BC21D826940C2500982E0A /* Actions.sks */ = {isa = PBXFileReference; lastKnownFileType = file.sks; path = Actions.sks; sourceTree = "<group>"; };
		F7BC21DF26940C2500982E0A /* Base */ = {isa = PBXFileReference; lastKnownFileType = file.storyboard; name = Base; path = Base.lproj/Main.storyboard; sourceTree = "<group>"; };
		F7BC21E126940C2B00982E0A /* Assets.xcassets */ = {isa = PBXFileReference; lastKnownFileType = folder.assetcatalog; path = Assets.xcassets; sourceTree = "<group>"; };
		F7BC21E426940C2B00982E0A /* Base */ = {isa = PBXFileReference; lastKnownFileType = file.storyboard; name = Base; path = Base.lproj/LaunchScreen.storyboard; sourceTree = "<group>"; };
		F7BC21E626940C2B00982E0A /* Info.plist */ = {isa = PBXFileReference; lastKnownFileType = text.plist.xml; path = Info.plist; sourceTree = "<group>"; };
/* End PBXFileReference section */

/* Begin PBXFrameworksBuildPhase section */
		F7BC21CE26940C2400982E0A /* Frameworks */ = {
			isa = PBXFrameworksBuildPhase;
			buildActionMask = 2147483647;
			files = (
			);
			runOnlyForDeploymentPostprocessing = 0;
		};
/* End PBXFrameworksBuildPhase section */

/* Begin PBXGroup section */
		F79C1A5526DDEC3E000BACE1 /* Sounds */ = {
			isa = PBXGroup;
			children = (
				F732ECA7269D50F100ED7E4C /* died.wav */,
				F732ECA6269D50F100ED7E4C /* gem.wav */,
				F732ECA8269D50F100ED7E4C /* jump.wav */,
				F732ECA9269D50F200ED7E4C /* lol u died.wav */,
				F791B26927C77D1300F00275 /* music.mp3 */,
			);
			path = Sounds;
			sourceTree = "<group>";
		};
		F79C1A5826DDEC70000BACE1 /* Scripts */ = {
			isa = PBXGroup;
			children = (
				F74C184A2785B5E300B99E9A /* AppDelegate.swift */,
				F74C18472785B5E200B99E9A /* GameScene.swift */,
				F74C18482785B5E200B99E9A /* GameViewController.swift */,
				F74C184B2785B5E300B99E9A /* MenuLayer.swift */,
				F74C18492785B5E300B99E9A /* Skater.swift */,
			);
			path = Scripts;
			sourceTree = "<group>";
		};
		F7BC21C826940C2400982E0A = {
			isa = PBXGroup;
			children = (
				F7BC21D326940C2500982E0A /* SchoolhouseSkateboarder */,
				F7BC21D226940C2500982E0A /* Products */,
			);
			sourceTree = "<group>";
		};
		F7BC21D226940C2500982E0A /* Products */ = {
			isa = PBXGroup;
			children = (
				F7BC21D126940C2500982E0A /* Skateus.app */,
			);
			name = Products;
			sourceTree = "<group>";
		};
		F7BC21D326940C2500982E0A /* SchoolhouseSkateboarder */ = {
			isa = PBXGroup;
			children = (
				F79C1A5526DDEC3E000BACE1 /* Sounds */,
				F79C1A5826DDEC70000BACE1 /* Scripts */,
				F7BC21E126940C2B00982E0A /* Assets.xcassets */,
				F7BC21D626940C2500982E0A /* GameScene.sks */,
				F7BC21D826940C2500982E0A /* Actions.sks */,
				F732ECAE269D6E0C00ED7E4C /* sparks.sks */,
				F7BC21DE26940C2500982E0A /* Main.storyboard */,
				F7BC21E326940C2B00982E0A /* LaunchScreen.storyboard */,
				F7BC21E626940C2B00982E0A /* Info.plist */,
			);
			path = SchoolhouseSkateboarder;
			sourceTree = "<group>";
		};
/* End PBXGroup section */

/* Begin PBXNativeTarget section */
		F7BC21D026940C2400982E0A /* Skateus */ = {
			isa = PBXNativeTarget;
			buildConfigurationList = F7BC21E926940C2B00982E0A /* Build configuration list for PBXNativeTarget "Skateus" */;
			buildPhases = (
				F7BC21CD26940C2400982E0A /* Sources */,
				F7BC21CE26940C2400982E0A /* Frameworks */,
				F7BC21CF26940C2400982E0A /* Resources */,
			);
			buildRules = (
			);
			dependencies = (
			);
			name = Skateus;
			productName = SchoolhouseSkateboarder;
			productReference = F7BC21D126940C2500982E0A /* Skateus.app */;
			productType = "com.apple.product-type.application";
		};
/* End PBXNativeTarget section */

/* Begin PBXProject section */
		F7BC21C926940C2400982E0A /* Project object */ = {
			isa = PBXProject;
			attributes = {
				LastSwiftUpdateCheck = 1030;
				LastUpgradeCheck = 1240;
				ORGANIZATIONNAME = SenKill;
				TargetAttributes = {
					F7BC21D026940C2400982E0A = {
						CreatedOnToolsVersion = 10.3;
						LastSwiftMigration = 1240;
					};
				};
			};
			buildConfigurationList = F7BC21CC26940C2400982E0A /* Build configuration list for PBXProject "Skateus" */;
			compatibilityVersion = "Xcode 9.3";
			developmentRegion = en;
			hasScannedForEncodings = 0;
			knownRegions = (
				en,
				Base,
			);
			mainGroup = F7BC21C826940C2400982E0A;
			productRefGroup = F7BC21D226940C2500982E0A /* Products */;
			projectDirPath = "";
			projectRoot = "";
			targets = (
				F7BC21D026940C2400982E0A /* Skateus */,
			);
		};
/* End PBXProject section */

/* Begin PBXResourcesBuildPhase section */
		F7BC21CF26940C2400982E0A /* Resources */ = {
			isa = PBXResourcesBuildPhase;
			buildActionMask = 2147483647;
			files = (
				F732ECAD269D50F200ED7E4C /* lol u died.wav in Resources */,
				F732ECAC269D50F200ED7E4C /* jump.wav in Resources */,
				F732ECAA269D50F200ED7E4C /* gem.wav in Resources */,
				F7BC21E026940C2500982E0A /* Main.storyboard in Resources */,
				F7BC21D726940C2500982E0A /* GameScene.sks in Resources */,
				F732ECAF269D6E0C00ED7E4C /* sparks.sks in Resources */,
				F7BC21E226940C2B00982E0A /* Assets.xcassets in Resources */,
				F791B26A27C77D1300F00275 /* music.mp3 in Resources */,
				F7BC21E526940C2B00982E0A /* LaunchScreen.storyboard in Resources */,
				F732ECAB269D50F200ED7E4C /* died.wav in Resources */,
				F7BC21D926940C2500982E0A /* Actions.sks in Resources */,
			);
			runOnlyForDeploymentPostprocessing = 0;
		};
/* End PBXResourcesBuildPhase section */

/* Begin PBXSourcesBuildPhase section */
		F7BC21CD26940C2400982E0A /* Sources */ = {
			isa = PBXSourcesBuildPhase;
			buildActionMask = 2147483647;
			files = (
				F74C184F2785B5E300B99E9A /* AppDelegate.swift in Sources */,
				F74C184D2785B5E300B99E9A /* GameViewController.swift in Sources */,
				F74C18502785B5E300B99E9A /* MenuLayer.swift in Sources */,
				F74C184C2785B5E300B99E9A /* GameScene.swift in Sources */,
				F74C184E2785B5E300B99E9A /* Skater.swift in Sources */,
			);
			runOnlyForDeploymentPostprocessing = 0;
		};
/* End PBXSourcesBuildPhase section */

/* Begin PBXVariantGroup section */
		F7BC21DE26940C2500982E0A /* Main.storyboard */ = {
			isa = PBXVariantGroup;
			children = (
				F7BC21DF26940C2500982E0A /* Base */,
			);
			name = Main.storyboard;
			sourceTree = "<group>";
		};
		F7BC21E326940C2B00982E0A /* LaunchScreen.storyboard */ = {
			isa = PBXVariantGroup;
			children = (
				F7BC21E426940C2B00982E0A /* Base */,
			);
			name = LaunchScreen.storyboard;
			sourceTree = "<group>";
		};
/* End PBXVariantGroup section */

/* Begin XCBuildConfiguration section */
		F7BC21E726940C2B00982E0A /* Debug */ = {
			isa = XCBuildConfiguration;
			buildSettings = {
				ALWAYS_SEARCH_USER_PATHS = NO;
				CLANG_ANALYZER_NONNULL = YES;
				CLANG_ANALYZER_NUMBER_OBJECT_CONVERSION = YES_AGGRESSIVE;
				CLANG_CXX_LANGUAGE_STANDARD = "gnu++14";
				CLANG_CXX_LIBRARY = "libc++";
				CLANG_ENABLE_MODULES = YES;
				CLANG_ENABLE_OBJC_ARC = YES;
				CLANG_ENABLE_OBJC_WEAK = YES;
				CLANG_WARN_BLOCK_CAPTURE_AUTORELEASING = YES;
				CLANG_WARN_BOOL_CONVERSION = YES;
				CLANG_WARN_COMMA = YES;
				CLANG_WARN_CONSTANT_CONVERSION = YES;
				CLANG_WARN_DEPRECATED_OBJC_IMPLEMENTATIONS = YES;
				CLANG_WARN_DIRECT_OBJC_ISA_USAGE = YES_ERROR;
				CLANG_WARN_DOCUMENTATION_COMMENTS = YES;
				CLANG_WARN_EMPTY_BODY = YES;
				CLANG_WARN_ENUM_CONVERSION = YES;
				CLANG_WARN_INFINITE_RECURSION = YES;
				CLANG_WARN_INT_CONVERSION = YES;
				CLANG_WARN_NON_LITERAL_NULL_CONVERSION = YES;
				CLANG_WARN_OBJC_IMPLICIT_RETAIN_SELF = YES;
				CLANG_WARN_OBJC_LITERAL_CONVERSION = YES;
				CLANG_WARN_OBJC_ROOT_CLASS = YES_ERROR;
				CLANG_WARN_QUOTED_INCLUDE_IN_FRAMEWORK_HEADER = YES;
				CLANG_WARN_RANGE_LOOP_ANALYSIS = YES;
				CLANG_WARN_STRICT_PROTOTYPES = YES;
				CLANG_WARN_SUSPICIOUS_MOVE = YES;
				CLANG_WARN_UNGUARDED_AVAILABILITY = YES_AGGRESSIVE;
				CLANG_WARN_UNREACHABLE_CODE = YES;
				CLANG_WARN__DUPLICATE_METHOD_MATCH = YES;
				CODE_SIGN_IDENTITY = "iPhone Developer";
				COPY_PHASE_STRIP = NO;
				DEBUG_INFORMATION_FORMAT = dwarf;
				ENABLE_STRICT_OBJC_MSGSEND = YES;
				ENABLE_TESTABILITY = YES;
				GCC_C_LANGUAGE_STANDARD = gnu11;
				GCC_DYNAMIC_NO_PIC = NO;
				GCC_NO_COMMON_BLOCKS = YES;
				GCC_OPTIMIZATION_LEVEL = 0;
				GCC_PREPROCESSOR_DEFINITIONS = (
					"DEBUG=1",
					"$(inherited)",
				);
				GCC_WARN_64_TO_32_BIT_CONVERSION = YES;
				GCC_WARN_ABOUT_RETURN_TYPE = YES_ERROR;
				GCC_WARN_UNDECLARED_SELECTOR = YES;
				GCC_WARN_UNINITIALIZED_AUTOS = YES_AGGRESSIVE;
				GCC_WARN_UNUSED_FUNCTION = YES;
				GCC_WARN_UNUSED_VARIABLE = YES;
				IPHONEOS_DEPLOYMENT_TARGET = 14.4;
				MTL_ENABLE_DEBUG_INFO = INCLUDE_SOURCE;
				MTL_FAST_MATH = YES;
				ONLY_ACTIVE_ARCH = YES;
				SDKROOT = iphoneos;
				SWIFT_ACTIVE_COMPILATION_CONDITIONS = DEBUG;
				SWIFT_OPTIMIZATION_LEVEL = "-Onone";
			};
			name = Debug;
		};
		F7BC21E826940C2B00982E0A /* Release */ = {
			isa = XCBuildConfiguration;
			buildSettings = {
				ALWAYS_SEARCH_USER_PATHS = NO;
				CLANG_ANALYZER_NONNULL = YES;
				CLANG_ANALYZER_NUMBER_OBJECT_CONVERSION = YES_AGGRESSIVE;
				CLANG_CXX_LANGUAGE_STANDARD = "gnu++14";
				CLANG_CXX_LIBRARY = "libc++";
				CLANG_ENABLE_MODULES = YES;
				CLANG_ENABLE_OBJC_ARC = YES;
				CLANG_ENABLE_OBJC_WEAK = YES;
				CLANG_WARN_BLOCK_CAPTURE_AUTORELEASING = YES;
				CLANG_WARN_BOOL_CONVERSION = YES;
				CLANG_WARN_COMMA = YES;
				CLANG_WARN_CONSTANT_CONVERSION = YES;
				CLANG_WARN_DEPRECATED_OBJC_IMPLEMENTATIONS = YES;
				CLANG_WARN_DIRECT_OBJC_ISA_USAGE = YES_ERROR;
				CLANG_WARN_DOCUMENTATION_COMMENTS = YES;
				CLANG_WARN_EMPTY_BODY = YES;
				CLANG_WARN_ENUM_CONVERSION = YES;
				CLANG_WARN_INFINITE_RECURSION = YES;
				CLANG_WARN_INT_CONVERSION = YES;
				CLANG_WARN_NON_LITERAL_NULL_CONVERSION = YES;
				CLANG_WARN_OBJC_IMPLICIT_RETAIN_SELF = YES;
				CLANG_WARN_OBJC_LITERAL_CONVERSION = YES;
				CLANG_WARN_OBJC_ROOT_CLASS = YES_ERROR;
				CLANG_WARN_QUOTED_INCLUDE_IN_FRAMEWORK_HEADER = YES;
				CLANG_WARN_RANGE_LOOP_ANALYSIS = YES;
				CLANG_WARN_STRICT_PROTOTYPES = YES;
				CLANG_WARN_SUSPICIOUS_MOVE = YES;
				CLANG_WARN_UNGUARDED_AVAILABILITY = YES_AGGRESSIVE;
				CLANG_WARN_UNREACHABLE_CODE = YES;
				CLANG_WARN__DUPLICATE_METHOD_MATCH = YES;
				CODE_SIGN_IDENTITY = "iPhone Developer";
				COPY_PHASE_STRIP = NO;
				DEBUG_INFORMATION_FORMAT = "dwarf-with-dsym";
				ENABLE_NS_ASSERTIONS = NO;
				ENABLE_STRICT_OBJC_MSGSEND = YES;
				GCC_C_LANGUAGE_STANDARD = gnu11;
				GCC_NO_COMMON_BLOCKS = YES;
				GCC_WARN_64_TO_32_BIT_CONVERSION = YES;
				GCC_WARN_ABOUT_RETURN_TYPE = YES_ERROR;
				GCC_WARN_UNDECLARED_SELECTOR = YES;
				GCC_WARN_UNINITIALIZED_AUTOS = YES_AGGRESSIVE;
				GCC_WARN_UNUSED_FUNCTION = YES;
				GCC_WARN_UNUSED_VARIABLE = YES;
				IPHONEOS_DEPLOYMENT_TARGET = 14.4;
				MTL_ENABLE_DEBUG_INFO = NO;
				MTL_FAST_MATH = YES;
				SDKROOT = iphoneos;
				SWIFT_COMPILATION_MODE = wholemodule;
				SWIFT_OPTIMIZATION_LEVEL = "-O";
				VALIDATE_PRODUCT = YES;
			};
			name = Release;
		};
		F7BC21EA26940C2B00982E0A /* Debug */ = {
			isa = XCBuildConfiguration;
			buildSettings = {
				ASSETCATALOG_COMPILER_APPICON_NAME = AppIcon;
				CLANG_ENABLE_MODULES = YES;
				CODE_SIGN_STYLE = Automatic;
				DEVELOPMENT_TEAM = ZKRYANSM8S;
				INFOPLIST_FILE = SchoolhouseSkateboarder/Info.plist;
				LD_RUNPATH_SEARCH_PATHS = (
					"$(inherited)",
					"@executable_path/Frameworks",
				);
				PRODUCT_BUNDLE_IDENTIFIER = senkill.SchoolhouseSkateboarder;
				PRODUCT_NAME = "$(TARGET_NAME)";
				SWIFT_OPTIMIZATION_LEVEL = "-Onone";
				SWIFT_VERSION = 5.0;
				TARGETED_DEVICE_FAMILY = "1,2";
			};
			name = Debug;
		};
		F7BC21EB26940C2B00982E0A /* Release */ = {
			isa = XCBuildConfiguration;
			buildSettings = {
				ASSETCATALOG_COMPILER_APPICON_NAME = AppIcon;
				CLANG_ENABLE_MODULES = YES;
				CODE_SIGN_STYLE = Automatic;
				DEVELOPMENT_TEAM = ZKRYANSM8S;
				INFOPLIST_FILE = SchoolhouseSkateboarder/Info.plist;
				LD_RUNPATH_SEARCH_PATHS = (
					"$(inherited)",
					"@executable_path/Frameworks",
				);
				PRODUCT_BUNDLE_IDENTIFIER = senkill.SchoolhouseSkateboarder;
				PRODUCT_NAME = "$(TARGET_NAME)";
				SWIFT_VERSION = 5.0;
				TARGETED_DEVICE_FAMILY = "1,2";
			};
			name = Release;
		};
/* End XCBuildConfiguration section */

/* Begin XCConfigurationList section */
		F7BC21CC26940C2400982E0A /* Build configuration list for PBXProject "Skateus" */ = {
			isa = XCConfigurationList;
			buildConfigurations = (
				F7BC21E726940C2B00982E0A /* Debug */,
				F7BC21E826940C2B00982E0A /* Release */,
			);
			defaultConfigurationIsVisible = 0;
			defaultConfigurationName = Release;
		};
		F7BC21E926940C2B00982E0A /* Build configuration list for PBXNativeTarget "Skateus" */ = {
			isa = XCConfigurationList;
			buildConfigurations = (
				F7BC21EA26940C2B00982E0A /* Debug */,
				F7BC21EB26940C2B00982E0A /* Release */,
			);
			defaultConfigurationIsVisible = 0;
			defaultConfigurationName = Release;
		};
/* End XCConfigurationList section */
	};
	rootObject = F7BC21C926940C2400982E0A /* Project object */;
}
